[[package]]
name = "autopep8"
version = "1.6.0"
description = "A tool that automatically formats Python code to conform to the PEP 8 style guide"
category = "dev"
optional = false
python-versions = "*"

[package.dependencies]
pycodestyle = ">=2.8.0"
toml = "*"

[[package]]
name = "commonmark"
version = "0.9.1"
description = "Python parser for the CommonMark Markdown spec"
category = "main"
optional = false
python-versions = "*"

[package.extras]
test = ["flake8 (==3.7.8)", "hypothesis (==3.55.3)"]

[[package]]
name = "darkdetect"
version = "0.6.0"
description = "Detect OS Dark Mode from Python"
category = "main"
optional = false
python-versions = "*"

[[package]]
name = "dataclasses-json"
version = "0.5.7"
description = "Easily serialize dataclasses to and from JSON"
category = "main"
optional = false
python-versions = ">=3.6"

[package.dependencies]
marshmallow = ">=3.3.0,<4.0.0"
marshmallow-enum = ">=1.5.1,<2.0.0"
typing-inspect = ">=0.4.0"

[package.extras]
dev = ["pytest (>=6.2.3)", "ipython", "mypy (>=0.710)", "hypothesis", "portray", "flake8", "simplejson", "types-dataclasses"]

[[package]]
name = "flake8"
version = "4.0.1"
description = "the modular source code checker: pep8 pyflakes and co"
category = "dev"
optional = false
python-versions = ">=3.6"

[package.dependencies]
mccabe = ">=0.6.0,<0.7.0"
pycodestyle = ">=2.8.0,<2.9.0"
pyflakes = ">=2.4.0,<2.5.0"

[[package]]
name = "marshmallow"
version = "3.16.0"
description = "A lightweight library for converting complex datatypes to and from native Python datatypes."
category = "main"
optional = false
python-versions = ">=3.7"

[package.dependencies]
packaging = ">=17.0"

[package.extras]
dev = ["pytest", "pytz", "simplejson", "mypy (==0.960)", "flake8 (==4.0.1)", "flake8-bugbear (==22.4.25)", "pre-commit (>=2.4,<3.0)", "tox"]
docs = ["sphinx (==4.5.0)", "sphinx-issues (==3.0.1)", "alabaster (==0.7.12)", "sphinx-version-warning (==1.1.2)", "autodocsumm (==0.2.8)"]
lint = ["mypy (==0.960)", "flake8 (==4.0.1)", "flake8-bugbear (==22.4.25)", "pre-commit (>=2.4,<3.0)"]
tests = ["pytest", "pytz", "simplejson"]

[[package]]
name = "marshmallow-enum"
version = "1.5.1"
description = "Enum field for Marshmallow"
category = "main"
optional = false
python-versions = "*"

[package.dependencies]
marshmallow = ">=2.0.0"

[[package]]
name = "mccabe"
version = "0.6.1"
description = "McCabe checker, plugin for flake8"
category = "dev"
optional = false
python-versions = "*"

[[package]]
name = "mypy"
version = "0.961"
description = "Optional static typing for Python"
category = "dev"
optional = false
python-versions = ">=3.6"

[package.dependencies]
mypy-extensions = ">=0.4.3"
tomli = {version = ">=1.1.0", markers = "python_version < \"3.11\""}
typing-extensions = ">=3.10"

[package.extras]
dmypy = ["psutil (>=4.0)"]
python2 = ["typed-ast (>=1.4.0,<2)"]
reports = ["lxml"]

[[package]]
name = "mypy-extensions"
version = "0.4.3"
description = "Experimental type system extensions for programs checked with the mypy typechecker."
category = "main"
optional = false
python-versions = "*"

[[package]]
name = "packaging"
version = "21.3"
description = "Core utilities for Python packages"
category = "main"
optional = false
python-versions = ">=3.6"

[package.dependencies]
pyparsing = ">=2.0.2,<3.0.5 || >3.0.5"

[[package]]
name = "pycairo"
version = "1.21.0"
description = "Python interface for cairo"
category = "main"
optional = false
python-versions = ">=3.7"

[[package]]
name = "pycodestyle"
version = "2.8.0"
description = "Python style guide checker"
category = "dev"
optional = false
python-versions = ">=2.7, !=3.0.*, !=3.1.*, !=3.2.*, !=3.3.*, !=3.4.*"

[[package]]
name = "pyflakes"
version = "2.4.0"
description = "passive checker of Python programs"
category = "dev"
optional = false
python-versions = ">=2.7, !=3.0.*, !=3.1.*, !=3.2.*, !=3.3.*"

[[package]]
name = "pygments"
version = "2.12.0"
description = "Pygments is a syntax highlighting package written in Python."
category = "main"
optional = false
python-versions = ">=3.6"

[[package]]
name = "pygobject"
version = "3.42.1"
description = "Python bindings for GObject Introspection"
category = "main"
optional = false
python-versions = ">=3.6, <4"

[package.dependencies]
pycairo = ">=1.16,<2.0"

[[package]]
name = "pyparsing"
version = "3.0.9"
description = "pyparsing module - Classes and methods to define and execute parsing grammars"
category = "main"
optional = false
python-versions = ">=3.6.8"

[package.extras]
diagrams = ["railroad-diagrams", "jinja2"]

[[package]]
name = "rich"
version = "12.4.4"
description = "Render rich text, tables, progress bars, syntax highlighting, markdown and more to the terminal"
category = "main"
optional = false
python-versions = ">=3.6.3,<4.0.0"

[package.dependencies]
commonmark = ">=0.9.0,<0.10.0"
pygments = ">=2.6.0,<3.0.0"

[package.extras]
jupyter = ["ipywidgets (>=7.5.1,<8.0.0)"]

[[package]]
name = "toml"
version = "0.10.2"
description = "Python Library for Tom's Obvious, Minimal Language"
category = "dev"
optional = false
python-versions = ">=2.6, !=3.0.*, !=3.1.*, !=3.2.*"

[[package]]
name = "tomli"
version = "2.0.1"
description = "A lil' TOML parser"
category = "dev"
optional = false
python-versions = ">=3.7"

[[package]]
name = "typing-extensions"
version = "4.2.0"
description = "Backported and Experimental Type Hints for Python 3.7+"
category = "main"
optional = false
python-versions = ">=3.7"

[[package]]
name = "typing-inspect"
version = "0.7.1"
description = "Runtime inspection utilities for typing module."
category = "main"
optional = false
python-versions = "*"

[package.dependencies]
mypy-extensions = ">=0.3.0"
typing-extensions = ">=3.7.4"

[metadata]
lock-version = "1.1"
python-versions = "^3.10"
content-hash = "5dbf98bbc1382320fc419fae475e137fae95ded20c33b8e5c3d7537650ab8be1"

[metadata.files]
autopep8 = [
    {file = "autopep8-1.6.0-py2.py3-none-any.whl", hash = "sha256:ed77137193bbac52d029a52c59bec1b0629b5a186c495f1eb21b126ac466083f"},
    {file = "autopep8-1.6.0.tar.gz", hash = "sha256:44f0932855039d2c15c4510d6df665e4730f2b8582704fa48f9c55bd3e17d979"},
]
commonmark = [
    {file = "commonmark-0.9.1-py2.py3-none-any.whl", hash = "sha256:da2f38c92590f83de410ba1a3cbceafbc74fee9def35f9251ba9a971d6d66fd9"},
    {file = "commonmark-0.9.1.tar.gz", hash = "sha256:452f9dc859be7f06631ddcb328b6919c67984aca654e5fefb3914d54691aed60"},
]
darkdetect = [
    {file = "darkdetect-0.6.0-py3-none-any.whl", hash = "sha256:9984327f5f0deeb4f02de01a18976825bc079befe7496b60c8d1fb0a06904d8e"},
    {file = "darkdetect-0.6.0.tar.gz", hash = "sha256:7993275b537b4579ba2eee7673b0b95783f99c7ddb82a9f90dc077a379b427f1"},
]
dataclasses-json = [
    {file = "dataclasses-json-0.5.7.tar.gz", hash = "sha256:c2c11bc8214fbf709ffc369d11446ff6945254a7f09128154a7620613d8fda90"},
    {file = "dataclasses_json-0.5.7-py3-none-any.whl", hash = "sha256:bc285b5f892094c3a53d558858a88553dd6a61a11ab1a8128a0e554385dcc5dd"},
]
flake8 = [
    {file = "flake8-4.0.1-py2.py3-none-any.whl", hash = "sha256:479b1304f72536a55948cb40a32dce8bb0ffe3501e26eaf292c7e60eb5e0428d"},
    {file = "flake8-4.0.1.tar.gz", hash = "sha256:806e034dda44114815e23c16ef92f95c91e4c71100ff52813adf7132a6ad870d"},
]
marshmallow = [
    {file = "marshmallow-3.16.0-py3-none-any.whl", hash = "sha256:53a1e0ee69f79e1f3e80d17393b25cfc917eda52f859e8183b4af72c3390c1f1"},
    {file = "marshmallow-3.16.0.tar.gz", hash = "sha256:a762c1d8b2bcb0e5c8e964850d03f9f3bffd6a12b626f3c14b9d6b1841999af5"},
]
marshmallow-enum = [
    {file = "marshmallow-enum-1.5.1.tar.gz", hash = "sha256:38e697e11f45a8e64b4a1e664000897c659b60aa57bfa18d44e226a9920b6e58"},
    {file = "marshmallow_enum-1.5.1-py2.py3-none-any.whl", hash = "sha256:57161ab3dbfde4f57adeb12090f39592e992b9c86d206d02f6bd03ebec60f072"},
]
mccabe = [
    {file = "mccabe-0.6.1-py2.py3-none-any.whl", hash = "sha256:ab8a6258860da4b6677da4bd2fe5dc2c659cff31b3ee4f7f5d64e79735b80d42"},
    {file = "mccabe-0.6.1.tar.gz", hash = "sha256:dd8d182285a0fe56bace7f45b5e7d1a6ebcbf524e8f3bd87eb0f125271b8831f"},
]
mypy = [
    {file = "mypy-0.961-cp310-cp310-macosx_10_9_universal2.whl", hash = "sha256:697540876638ce349b01b6786bc6094ccdaba88af446a9abb967293ce6eaa2b0"},
    {file = "mypy-0.961-cp310-cp310-macosx_10_9_x86_64.whl", hash = "sha256:b117650592e1782819829605a193360a08aa99f1fc23d1d71e1a75a142dc7e15"},
    {file = "mypy-0.961-cp310-cp310-macosx_11_0_arm64.whl", hash = "sha256:bdd5ca340beffb8c44cb9dc26697628d1b88c6bddf5c2f6eb308c46f269bb6f3"},
    {file = "mypy-0.961-cp310-cp310-manylinux_2_5_x86_64.manylinux1_x86_64.manylinux_2_12_x86_64.manylinux2010_x86_64.whl", hash = "sha256:3e09f1f983a71d0672bbc97ae33ee3709d10c779beb613febc36805a6e28bb4e"},
    {file = "mypy-0.961-cp310-cp310-win_amd64.whl", hash = "sha256:e999229b9f3198c0c880d5e269f9f8129c8862451ce53a011326cad38b9ccd24"},
    {file = "mypy-0.961-cp36-cp36m-macosx_10_9_x86_64.whl", hash = "sha256:b24be97351084b11582fef18d79004b3e4db572219deee0212078f7cf6352723"},
    {file = "mypy-0.961-cp36-cp36m-manylinux_2_5_x86_64.manylinux1_x86_64.manylinux_2_12_x86_64.manylinux2010_x86_64.whl", hash = "sha256:f4a21d01fc0ba4e31d82f0fff195682e29f9401a8bdb7173891070eb260aeb3b"},
    {file = "mypy-0.961-cp36-cp36m-win_amd64.whl", hash = "sha256:439c726a3b3da7ca84a0199a8ab444cd8896d95012c4a6c4a0d808e3147abf5d"},
    {file = "mypy-0.961-cp37-cp37m-macosx_10_9_x86_64.whl", hash = "sha256:5a0b53747f713f490affdceef835d8f0cb7285187a6a44c33821b6d1f46ed813"},
    {file = "mypy-0.961-cp37-cp37m-manylinux_2_5_x86_64.manylinux1_x86_64.manylinux_2_12_x86_64.manylinux2010_x86_64.whl", hash = "sha256:0e9f70df36405c25cc530a86eeda1e0867863d9471fe76d1273c783df3d35c2e"},
    {file = "mypy-0.961-cp37-cp37m-win_amd64.whl", hash = "sha256:b88f784e9e35dcaa075519096dc947a388319cb86811b6af621e3523980f1c8a"},
    {file = "mypy-0.961-cp38-cp38-macosx_10_9_universal2.whl", hash = "sha256:d5aaf1edaa7692490f72bdb9fbd941fbf2e201713523bdb3f4038be0af8846c6"},
    {file = "mypy-0.961-cp38-cp38-macosx_10_9_x86_64.whl", hash = "sha256:9f5f5a74085d9a81a1f9c78081d60a0040c3efb3f28e5c9912b900adf59a16e6"},
    {file = "mypy-0.961-cp38-cp38-macosx_11_0_arm64.whl", hash = "sha256:f4b794db44168a4fc886e3450201365c9526a522c46ba089b55e1f11c163750d"},
    {file = "mypy-0.961-cp38-cp38-manylinux_2_5_x86_64.manylinux1_x86_64.manylinux_2_12_x86_64.manylinux2010_x86_64.whl", hash = "sha256:64759a273d590040a592e0f4186539858c948302c653c2eac840c7a3cd29e51b"},
    {file = "mypy-0.961-cp38-cp38-win_amd64.whl", hash = "sha256:63e85a03770ebf403291ec50097954cc5caf2a9205c888ce3a61bd3f82e17569"},
    {file = "mypy-0.961-cp39-cp39-macosx_10_9_universal2.whl", hash = "sha256:5f1332964963d4832a94bebc10f13d3279be3ce8f6c64da563d6ee6e2eeda932"},
    {file = "mypy-0.961-cp39-cp39-macosx_10_9_x86_64.whl", hash = "sha256:006be38474216b833eca29ff6b73e143386f352e10e9c2fbe76aa8549e5554f5"},
    {file = "mypy-0.961-cp39-cp39-macosx_11_0_arm64.whl", hash = "sha256:9940e6916ed9371809b35b2154baf1f684acba935cd09928952310fbddaba648"},
    {file = "mypy-0.961-cp39-cp39-manylinux_2_5_x86_64.manylinux1_x86_64.manylinux_2_12_x86_64.manylinux2010_x86_64.whl", hash = "sha256:a5ea0875a049de1b63b972456542f04643daf320d27dc592d7c3d9cd5d9bf950"},
    {file = "mypy-0.961-cp39-cp39-win_amd64.whl", hash = "sha256:1ece702f29270ec6af25db8cf6185c04c02311c6bb21a69f423d40e527b75c56"},
    {file = "mypy-0.961-py3-none-any.whl", hash = "sha256:03c6cc893e7563e7b2949b969e63f02c000b32502a1b4d1314cabe391aa87d66"},
    {file = "mypy-0.961.tar.gz", hash = "sha256:f730d56cb924d371c26b8eaddeea3cc07d78ff51c521c6d04899ac6904b75492"},
]
mypy-extensions = [
    {file = "mypy_extensions-0.4.3-py2.py3-none-any.whl", hash = "sha256:090fedd75945a69ae91ce1303b5824f428daf5a028d2f6ab8a299250a846f15d"},
    {file = "mypy_extensions-0.4.3.tar.gz", hash = "sha256:2d82818f5bb3e369420cb3c4060a7970edba416647068eb4c5343488a6c604a8"},
]
packaging = [
    {file = "packaging-21.3-py3-none-any.whl", hash = "sha256:ef103e05f519cdc783ae24ea4e2e0f508a9c99b2d4969652eed6a2e1ea5bd522"},
    {file = "packaging-21.3.tar.gz", hash = "sha256:dd47c42927d89ab911e606518907cc2d3a1f38bbd026385970643f9c5b8ecfeb"},
]
pycairo = [
    {file = "pycairo-1.21.0-cp310-cp310-win32.whl", hash = "sha256:44a2ecf34968de07b3b9dfdcdbccbd25aa3cab267200f234f84e81481a73bbf6"},
    {file = "pycairo-1.21.0-cp310-cp310-win_amd64.whl", hash = "sha256:f63c153a9ea3d21aff85e2caeee4b0c5d566b2368b4ed64826020d12953d76a4"},
    {file = "pycairo-1.21.0-cp37-cp37m-win32.whl", hash = "sha256:70936b19f967fa3cb3cd200c2608911227fa5d09dae21c166f64bc15e714ee41"},
    {file = "pycairo-1.21.0-cp37-cp37m-win_amd64.whl", hash = "sha256:31e1c4850db03201d33929cbe1905ce1b33202683ebda7bb0d4dba489115066b"},
    {file = "pycairo-1.21.0-cp38-cp38-win32.whl", hash = "sha256:dace6b356c476de27f8e1522428ac21a799c225703f746e2957d441f885dcb6c"},
    {file = "pycairo-1.21.0-cp38-cp38-win_amd64.whl", hash = "sha256:4357f20a6b1de8f1e8072a74ff68ab4c9a0ae698cd9f5c0f2b2cdd9b28b635f6"},
    {file = "pycairo-1.21.0-cp39-cp39-win32.whl", hash = "sha256:6d37375aab9f2bb6136f076c19815d72108383baae89fbc0d6cb8e5092217d02"},
    {file = "pycairo-1.21.0-cp39-cp39-win_amd64.whl", hash = "sha256:26b72b813c6f9d495f71057eab89c13e70a21c92360e9265abc049e0a931fa39"},
    {file = "pycairo-1.21.0.tar.gz", hash = "sha256:251907f18a552df938aa3386657ff4b5a4937dde70e11aa042bc297957f4b74b"},
]
pycodestyle = [
    {file = "pycodestyle-2.8.0-py2.py3-none-any.whl", hash = "sha256:720f8b39dde8b293825e7ff02c475f3077124006db4f440dcbc9a20b76548a20"},
    {file = "pycodestyle-2.8.0.tar.gz", hash = "sha256:eddd5847ef438ea1c7870ca7eb78a9d47ce0cdb4851a5523949f2601d0cbbe7f"},
]
pyflakes = [
    {file = "pyflakes-2.4.0-py2.py3-none-any.whl", hash = "sha256:3bb3a3f256f4b7968c9c788781e4ff07dce46bdf12339dcda61053375426ee2e"},
    {file = "pyflakes-2.4.0.tar.gz", hash = "sha256:05a85c2872edf37a4ed30b0cce2f6093e1d0581f8c19d7393122da7e25b2b24c"},
]
pygments = [
    {file = "Pygments-2.12.0-py3-none-any.whl", hash = "sha256:dc9c10fb40944260f6ed4c688ece0cd2048414940f1cea51b8b226318411c519"},
    {file = "Pygments-2.12.0.tar.gz", hash = "sha256:5eb116118f9612ff1ee89ac96437bb6b49e8f04d8a13b514ba26f620208e26eb"},
]
pygobject = [
    {file = "PyGObject-3.42.1.tar.gz", hash = "sha256:80d6a3ad1630e9d1edf31b9e9fad9a894c57e18545a3c95ef0044ac4042b8620"},
]
pyparsing = [
    {file = "pyparsing-3.0.9-py3-none-any.whl", hash = "sha256:5026bae9a10eeaefb61dab2f09052b9f4307d44aee4eda64b309723d8d206bbc"},
    {file = "pyparsing-3.0.9.tar.gz", hash = "sha256:2b020ecf7d21b687f219b71ecad3631f644a47f01403fa1d1036b0c6416d70fb"},
]
rich = [
    {file = "rich-12.4.4-py3-none-any.whl", hash = "sha256:d2bbd99c320a2532ac71ff6a3164867884357da3e3301f0240090c5d2fdac7ec"},
    {file = "rich-12.4.4.tar.gz", hash = "sha256:4c586de507202505346f3e32d1363eb9ed6932f0c2f63184dea88983ff4971e2"},
]
toml = [
    {file = "toml-0.10.2-py2.py3-none-any.whl", hash = "sha256:806143ae5bfb6a3c6e736a764057db0e6a0e05e338b5630894a5f779cabb4f9b"},
    {file = "toml-0.10.2.tar.gz", hash = "sha256:b3bda1d108d5dd99f4a20d24d9c348e91c4db7ab1b749200bded2f839ccbe68f"},
]
tomli = [
    {file = "tomli-2.0.1-py3-none-any.whl", hash = "sha256:939de3e7a6161af0c887ef91b7d41a53e7c5a1ca976325f429cb46ea9bc30ecc"},
    {file = "tomli-2.0.1.tar.gz", hash = "sha256:de526c12914f0c550d15924c62d72abc48d6fe7364aa87328337a31007fe8a4f"},
]
typing-extensions = [
    {file = "typing_extensions-4.2.0-py3-none-any.whl", hash = "sha256:6657594ee297170d19f67d55c05852a874e7eb634f4f753dbd667855e07c1708"},
    {file = "typing_extensions-4.2.0.tar.gz", hash = "sha256:f1c24655a0da0d1b67f07e17a5e6b2a105894e6824b92096378bb3668ef02376"},
]
typing-inspect = [
    {file = "typing_inspect-0.7.1-py2-none-any.whl", hash = "sha256:b1f56c0783ef0f25fb064a01be6e5407e54cf4a4bf4f3ba3fe51e0bd6dcea9e5"},
    {file = "typing_inspect-0.7.1-py3-none-any.whl", hash = "sha256:3cd7d4563e997719a710a3bfe7ffb544c6b72069b6812a02e9b414a8fa3aaa6b"},
    {file = "typing_inspect-0.7.1.tar.gz", hash = "sha256:047d4097d9b17f46531bf6f014356111a1b6fb821a24fe7ac909853ca2a782aa"},
]
